// !$*UTF8*$!
{
	archiveVersion = 1;
	classes = {
	};
	objectVersion = 50;
	objects = {

/* Begin PBXBuildFile section */
		BA9CFD7424117DB100D4CB45 /* AppDelegate.m in Sources */ = {isa = PBXBuildFile; fileRef = BA9CFD7324117DB100D4CB45 /* AppDelegate.m */; };
		BA9CFD7724117DB100D4CB45 /* ViewController.m in Sources */ = {isa = PBXBuildFile; fileRef = BA9CFD7624117DB100D4CB45 /* ViewController.m */; };
		BA9CFD7A24117DB100D4CB45 /* Main.storyboard in Resources */ = {isa = PBXBuildFile; fileRef = BA9CFD7824117DB100D4CB45 /* Main.storyboard */; };
		BA9CFD7C24117DB200D4CB45 /* Assets.xcassets in Resources */ = {isa = PBXBuildFile; fileRef = BA9CFD7B24117DB200D4CB45 /* Assets.xcassets */; };
		BA9CFD7F24117DB200D4CB45 /* LaunchScreen.storyboard in Resources */ = {isa = PBXBuildFile; fileRef = BA9CFD7D24117DB200D4CB45 /* LaunchScreen.storyboard */; };
		BA9CFD8224117DB200D4CB45 /* main.m in Sources */ = {isa = PBXBuildFile; fileRef = BA9CFD8124117DB200D4CB45 /* main.m */; };
		BAF06B0A2411CA2D001393F0 /* ViewController+functionsCategory.m in Sources */ = {isa = PBXBuildFile; fileRef = BAF06B092411CA2D001393F0 /* ViewController+functionsCategory.m */; };
/* End PBXBuildFile section */

/* Begin PBXFileReference section */
		BA9CFD6F24117DB100D4CB45 /* Calculator.app */ = {isa = PBXFileReference; explicitFileType = wrapper.application; includeInIndex = 0; path = Calculator.app; sourceTree = BUILT_PRODUCTS_DIR; };
		BA9CFD7224117DB100D4CB45 /* AppDelegate.h */ = {isa = PBXFileReference; lastKnownFileType = sourcecode.c.h; path = AppDelegate.h; sourceTree = "<group>"; };
		BA9CFD7324117DB100D4CB45 /* AppDelegate.m */ = {isa = PBXFileReference; lastKnownFileType = sourcecode.c.objc; path = AppDelegate.m; sourceTree = "<group>"; };
		BA9CFD7524117DB100D4CB45 /* ViewController.h */ = {isa = PBXFileReference; lastKnownFileType = sourcecode.c.h; path = ViewController.h; sourceTree = "<group>"; };
		BA9CFD7624117DB100D4CB45 /* ViewController.m */ = {isa = PBXFileReference; lastKnownFileType = sourcecode.c.objc; path = ViewController.m; sourceTree = "<group>"; };
		BA9CFD7924117DB100D4CB45 /* Base */ = {isa = PBXFileReference; lastKnownFileType = file.storyboard; name = Base; path = Base.lproj/Main.storyboard; sourceTree = "<group>"; };
		BA9CFD7B24117DB200D4CB45 /* Assets.xcassets */ = {isa = PBXFileReference; lastKnownFileType = folder.assetcatalog; path = Assets.xcassets; sourceTree = "<group>"; };
		BA9CFD7E24117DB200D4CB45 /* Base */ = {isa = PBXFileReference; lastKnownFileType = file.storyboard; name = Base; path = Base.lproj/LaunchScreen.storyboard; sourceTree = "<group>"; };
		BA9CFD8024117DB200D4CB45 /* Info.plist */ = {isa = PBXFileReference; lastKnownFileType = text.plist.xml; path = Info.plist; sourceTree = "<group>"; };
		BA9CFD8124117DB200D4CB45 /* main.m */ = {isa = PBXFileReference; lastKnownFileType = sourcecode.c.objc; path = main.m; sourceTree = "<group>"; };
		BAF06B082411CA2D001393F0 /* ViewController+functionsCategory.h */ = {isa = PBXFileReference; lastKnownFileType = sourcecode.c.h; path = "ViewController+functionsCategory.h"; sourceTree = "<group>"; };
		BAF06B092411CA2D001393F0 /* ViewController+functionsCategory.m */ = {isa = PBXFileReference; lastKnownFileType = sourcecode.c.objc; path = "ViewController+functionsCategory.m"; sourceTree = "<group>"; };
/* End PBXFileReference section */

/* Begin PBXFrameworksBuildPhase section */
		BA9CFD6C24117DB100D4CB45 /* Frameworks */ = {
			isa = PBXFrameworksBuildPhase;
			buildActionMask = 2147483647;
			files = (
			);
			runOnlyForDeploymentPostprocessing = 0;
		};
/* End PBXFrameworksBuildPhase section */

/* Begin PBXGroup section */
		BA9CFD6624117DB100D4CB45 = {
			isa = PBXGroup;
			children = (
				BA9CFD7124117DB100D4CB45 /* Calculator */,
				BA9CFD7024117DB100D4CB45 /* Products */,
			);
			sourceTree = "<group>";
		};
		BA9CFD7024117DB100D4CB45 /* Products */ = {
			isa = PBXGroup;
			children = (
				BA9CFD6F24117DB100D4CB45 /* Calculator.app */,
			);
			name = Products;
			sourceTree = "<group>";
		};
		BA9CFD7124117DB100D4CB45 /* Calculator */ = {
			isa = PBXGroup;
			children = (
				BA9CFD7224117DB100D4CB45 /* AppDelegate.h */,
				BA9CFD7324117DB100D4CB45 /* AppDelegate.m */,
				BA9CFD7524117DB100D4CB45 /* ViewController.h */,
				BA9CFD7624117DB100D4CB45 /* ViewController.m */,
				BA9CFD7824117DB100D4CB45 /* Main.storyboard */,
				BA9CFD7B24117DB200D4CB45 /* Assets.xcassets */,
				BA9CFD7D24117DB200D4CB45 /* LaunchScreen.storyboard */,
				BA9CFD8024117DB200D4CB45 /* Info.plist */,
				BA9CFD8124117DB200D4CB45 /* main.m */,
				BAF06B082411CA2D001393F0 /* ViewController+functionsCategory.h */,
				BAF06B092411CA2D001393F0 /* ViewController+functionsCategory.m */,
			);
			path = Calculator;
			sourceTree = "<group>";
		};
/* End PBXGroup section */

/* Begin PBXNativeTarget section */
		BA9CFD6E24117DB100D4CB45 /* Calculator */ = {
			isa = PBXNativeTarget;
			buildConfigurationList = BA9CFD8524117DB200D4CB45 /* Build configuration list for PBXNativeTarget "Calculator" */;
			buildPhases = (
				BA9CFD6B24117DB100D4CB45 /* Sources */,
				BA9CFD6C24117DB100D4CB45 /* Frameworks */,
				BA9CFD6D24117DB100D4CB45 /* Resources */,
			);
			buildRules = (
			);
			dependencies = (
			);
			name = Calculator;
			productName = Calculator;
			productReference = BA9CFD6F24117DB100D4CB45 /* Calculator.app */;
			productType = "com.apple.product-type.application";
		};
/* End PBXNativeTarget section */

/* Begin PBXProject section */
		BA9CFD6724117DB100D4CB45 /* Project object */ = {
			isa = PBXProject;
			attributes = {
				LastUpgradeCheck = 0930;
				ORGANIZATIONNAME = Yahya;
				TargetAttributes = {
					BA9CFD6E24117DB100D4CB45 = {
						CreatedOnToolsVersion = 9.3;
					};
				};
			};
			buildConfigurationList = BA9CFD6A24117DB100D4CB45 /* Build configuration list for PBXProject "Calculator" */;
			compatibilityVersion = "Xcode 9.3";
			developmentRegion = en;
			hasScannedForEncodings = 0;
			knownRegions = (
				en,
				Base,
			);
			mainGroup = BA9CFD6624117DB100D4CB45;
			productRefGroup = BA9CFD7024117DB100D4CB45 /* Products */;
			projectDirPath = "";
			projectRoot = "";
			targets = (
				BA9CFD6E24117DB100D4CB45 /* Calculator */,
			);
		};
/* End PBXProject section */

/* Begin PBXResourcesBuildPhase section */
		BA9CFD6D24117DB100D4CB45 /* Resources */ = {
			isa = PBXResourcesBuildPhase;
			buildActionMask = 2147483647;
			files = (
				BA9CFD7F24117DB200D4CB45 /* LaunchScreen.storyboard in Resources */,
				BA9CFD7C24117DB200D4CB45 /* Assets.xcassets in Resources */,
				BA9CFD7A24117DB100D4CB45 /* Main.storyboard in Resources */,
			);
			runOnlyForDeploymentPostprocessing = 0;
		};
/* End PBXResourcesBuildPhase section */

/* Begin PBXSourcesBuildPhase section */
		BA9CFD6B24117DB100D4CB45 /* Sources */ = {
			isa = PBXSourcesBuildPhase;
			buildActionMask = 2147483647;
			files = (
				BA9CFD7724117DB100D4CB45 /* ViewController.m in Sources */,
				BA9CFD8224117DB200D4CB45 /* main.m in Sources */,
				BAF06B0A2411CA2D001393F0 /* ViewController+functionsCategory.m in Sources */,
				BA9CFD7424117DB100D4CB45 /* AppDelegate.m in Sources */,
			);
			runOnlyForDeploymentPostprocessing = 0;
		};
/* End PBXSourcesBuildPhase section */

/* Begin PBXVariantGroup section */
		BA9CFD7824117DB100D4CB45 /* Main.storyboard */ = {
			isa = PBXVariantGroup;
			children = (
				BA9CFD7924117DB100D4CB45 /* Base */,
			);
			name = Main.storyboard;
			sourceTree = "<group>";
		};
		BA9CFD7D24117DB200D4CB45 /* LaunchScreen.storyboard */ = {
			isa = PBXVariantGroup;
			children = (
				BA9CFD7E24117DB200D4CB45 /* Base */,
			);
			name = LaunchScreen.storyboard;
			sourceTree = "<group>";
		};
/* End PBXVariantGroup section */

/* Begin XCBuildConfiguration section */
		BA9CFD8324117DB200D4CB45 /* Debug */ = {
			isa = XCBuildConfiguration;
			buildSettings = {
				ALWAYS_SEARCH_USER_PATHS = NO;
				CLANG_ANALYZER_NONNULL = YES;
				CLANG_ANALYZER_NUMBER_OBJECT_CONVERSION = YES_AGGRESSIVE;
				CLANG_CXX_LANGUAGE_STANDARD = "gnu++14";
				CLANG_CXX_LIBRARY = "libc++";
				CLANG_ENABLE_MODULES = YES;
				CLANG_ENABLE_OBJC_ARC = YES;
				CLANG_ENABLE_OBJC_WEAK = YES;
				CLANG_WARN_BLOCK_CAPTURE_AUTORELEASING = YES;
				CLANG_WARN_BOOL_CONVERSION = YES;
				CLANG_WARN_COMMA = YES;
				CLANG_WARN_CONSTANT_CONVERSION = YES;
				CLANG_WARN_DEPRECATED_OBJC_IMPLEMENTATIONS = YES;
				CLANG_WARN_DIRECT_OBJC_ISA_USAGE = YES_ERROR;
				CLANG_WARN_DOCUMENTATION_COMMENTS = YES;
				CLANG_WARN_EMPTY_BODY = YES;
				CLANG_WARN_ENUM_CONVERSION = YES;
				CLANG_WARN_INFINITE_RECURSION = YES;
				CLANG_WARN_INT_CONVERSION = YES;
				CLANG_WARN_NON_LITERAL_NULL_CONVERSION = YES;
				CLANG_WARN_OBJC_IMPLICIT_RETAIN_SELF = YES;
				CLANG_WARN_OBJC_LITERAL_CONVERSION = YES;
				CLANG_WARN_OBJC_ROOT_CLASS = YES_ERROR;
				CLANG_WARN_RANGE_LOOP_ANALYSIS = YES;
				CLANG_WARN_STRICT_PROTOTYPES = YES;
				CLANG_WARN_SUSPICIOUS_MOVE = YES;
				CLANG_WARN_UNGUARDED_AVAILABILITY = YES_AGGRESSIVE;
				CLANG_WARN_UNREACHABLE_CODE = YES;
				CLANG_WARN__DUPLICATE_METHOD_MATCH = YES;
				CODE_SIGN_IDENTITY = "iPhone Developer";
				COPY_PHASE_STRIP = NO;
				DEBUG_INFORMATION_FORMAT = dwarf;
				ENABLE_STRICT_OBJC_MSGSEND = YES;
				ENABLE_TESTABILITY = YES;
				GCC_C_LANGUAGE_STANDARD = gnu11;
				GCC_DYNAMIC_NO_PIC = NO;
				GCC_NO_COMMON_BLOCKS = YES;
				GCC_OPTIMIZATION_LEVEL = 0;
				GCC_PREPROCESSOR_DEFINITIONS = (
					"DEBUG=1",
					"$(inherited)",
				);
				GCC_WARN_64_TO_32_BIT_CONVERSION = YES;
				GCC_WARN_ABOUT_RETURN_TYPE = YES_ERROR;
				GCC_WARN_UNDECLARED_SELECTOR = YES;
				GCC_WARN_UNINITIALIZED_AUTOS = YES_AGGRESSIVE;
				GCC_WARN_UNUSED_FUNCTION = YES;
				GCC_WARN_UNUSED_VARIABLE = YES;
				IPHONEOS_DEPLOYMENT_TARGET = 11.3;
				MTL_ENABLE_DEBUG_INFO = YES;
				ONLY_ACTIVE_ARCH = YES;
				SDKROOT = iphoneos;
			};
			name = Debug;
		};
		BA9CFD8424117DB200D4CB45 /* Release */ = {
			isa = XCBuildConfiguration;
			buildSettings = {
				ALWAYS_SEARCH_USER_PATHS = NO;
				CLANG_ANALYZER_NONNULL = YES;
				CLANG_ANALYZER_NUMBER_OBJECT_CONVERSION = YES_AGGRESSIVE;
				CLANG_CXX_LANGUAGE_STANDARD = "gnu++14";
				CLANG_CXX_LIBRARY = "libc++";
				CLANG_ENABLE_MODULES = YES;
				CLANG_ENABLE_OBJC_ARC = YES;
				CLANG_ENABLE_OBJC_WEAK = YES;
				CLANG_WARN_BLOCK_CAPTURE_AUTORELEASING = YES;
				CLANG_WARN_BOOL_CONVERSION = YES;
				CLANG_WARN_COMMA = YES;
				CLANG_WARN_CONSTANT_CONVERSION = YES;
				CLANG_WARN_DEPRECATED_OBJC_IMPLEMENTATIONS = YES;
				CLANG_WARN_DIRECT_OBJC_ISA_USAGE = YES_ERROR;
				CLANG_WARN_DOCUMENTATION_COMMENTS = YES;
				CLANG_WARN_EMPTY_BODY = YES;
				CLANG_WARN_ENUM_CONVERSION = YES;
				CLANG_WARN_INFINITE_RECURSION = YES;
				CLANG_WARN_INT_CONVERSION = YES;
				CLANG_WARN_NON_LITERAL_NULL_CONVERSION = YES;
				CLANG_WARN_OBJC_IMPLICIT_RETAIN_SELF = YES;
				CLANG_WARN_OBJC_LITERAL_CONVERSION = YES;
				CLANG_WARN_OBJC_ROOT_CLASS = YES_ERROR;
				CLANG_WARN_RANGE_LOOP_ANALYSIS = YES;
				CLANG_WARN_STRICT_PROTOTYPES = YES;
				CLANG_WARN_SUSPICIOUS_MOVE = YES;
				CLANG_WARN_UNGUARDED_AVAILABILITY = YES_AGGRESSIVE;
				CLANG_WARN_UNREACHABLE_CODE = YES;
				CLANG_WARN__DUPLICATE_METHOD_MATCH = YES;
				CODE_SIGN_IDENTITY = "iPhone Developer";
				COPY_PHASE_STRIP = NO;
				DEBUG_INFORMATION_FORMAT = "dwarf-with-dsym";
				ENABLE_NS_ASSERTIONS = NO;
				ENABLE_STRICT_OBJC_MSGSEND = YES;
				GCC_C_LANGUAGE_STANDARD = gnu11;
				GCC_NO_COMMON_BLOCKS = YES;
				GCC_WARN_64_TO_32_BIT_CONVERSION = YES;
				GCC_WARN_ABOUT_RETURN_TYPE = YES_ERROR;
				GCC_WARN_UNDECLARED_SELECTOR = YES;
				GCC_WARN_UNINITIALIZED_AUTOS = YES_AGGRESSIVE;
				GCC_WARN_UNUSED_FUNCTION = YES;
				GCC_WARN_UNUSED_VARIABLE = YES;
				IPHONEOS_DEPLOYMENT_TARGET = 11.3;
				MTL_ENABLE_DEBUG_INFO = NO;
				SDKROOT = iphoneos;
				VALIDATE_PRODUCT = YES;
			};
			name = Release;
		};
		BA9CFD8624117DB200D4CB45 /* Debug */ = {
			isa = XCBuildConfiguration;
			buildSettings = {
				ASSETCATALOG_COMPILER_APPICON_NAME = AppIcon;
				CODE_SIGN_STYLE = Automatic;
				INFOPLIST_FILE = Calculator/Info.plist;
				LD_RUNPATH_SEARCH_PATHS = (
					"$(inherited)",
					"@executable_path/Frameworks",
				);
				PRODUCT_BUNDLE_IDENTIFIER = iTi.Calculator;
				PRODUCT_NAME = "$(TARGET_NAME)";
				TARGETED_DEVICE_FAMILY = "1,2";
			};
			name = Debug;
		};
		BA9CFD8724117DB200D4CB45 /* Release */ = {
			isa = XCBuildConfiguration;
			buildSettings = {
				ASSETCATALOG_COMPILER_APPICON_NAME = AppIcon;
				CODE_SIGN_STYLE = Automatic;
				INFOPLIST_FILE = Calculator/Info.plist;
				LD_RUNPATH_SEARCH_PATHS = (
					"$(inherited)",
					"@executable_path/Frameworks",
				);
				PRODUCT_BUNDLE_IDENTIFIER = iTi.Calculator;
				PRODUCT_NAME = "$(TARGET_NAME)";
				TARGETED_DEVICE_FAMILY = "1,2";
			};
			name = Release;
		};
/* End XCBuildConfiguration section */

/* Begin XCConfigurationList section */
		BA9CFD6A24117DB100D4CB45 /* Build configuration list for PBXProject "Calculator" */ = {
			isa = XCConfigurationList;
			buildConfigurations = (
				BA9CFD8324117DB200D4CB45 /* Debug */,
				BA9CFD8424117DB200D4CB45 /* Release */,
			);
			defaultConfigurationIsVisible = 0;
			defaultConfigurationName = Release;
		};
		BA9CFD8524117DB200D4CB45 /* Build configuration list for PBXNativeTarget "Calculator" */ = {
			isa = XCConfigurationList;
			buildConfigurations = (
				BA9CFD8624117DB200D4CB45 /* Debug */,
				BA9CFD8724117DB200D4CB45 /* Release */,
			);
			defaultConfigurationIsVisible = 0;
			defaultConfigurationName = Release;
		};
/* End XCConfigurationList section */
	};
	rootObject = BA9CFD6724117DB100D4CB45 /* Project object */;
}
