PODS:
  - Alamofire (4.2.0)
  - Kingfisher (4.7.0)

DEPENDENCIES:
  - Alamofire (~> 4.2.0)
  - Kingfisher (~> 4.7.0)

SPEC REPOS:
  https://github.com/CocoaPods/Specs.git:
    - Alamofire
    - Kingfisher

SPEC CHECKSUMS:
  Alamofire: aa2e09d871c9160ac53c90e83c68064a94e3dfbe
  Kingfisher: da6b005aa96d37698e3e4f1ccfe96a5b9bbf27d6

PODFILE CHECKSUM: aa9b8e7fb4cd8044d8fc984b0264ae25d55da61c

COCOAPODS: 1.5.0
