// !$*UTF8*$!
{
	archiveVersion = 1;
	classes = {
	};
	objectVersion = 50;
	objects = {

/* Begin PBXBuildFile section */
		BA0CAC06241A41E800408C11 /* Colleague.m in Sources */ = {isa = PBXBuildFile; fileRef = BA0CAC04241A41E800408C11 /* Colleague.m */; };
		BA0CAC0A241A435200408C11 /* DetailsViewController.m in Sources */ = {isa = PBXBuildFile; fileRef = BA0CAC09241A435200408C11 /* DetailsViewController.m */; };
		BA108C1F241A561A00F4A3B9 /* placeholder.png in Resources */ = {isa = PBXBuildFile; fileRef = BA108C1E241A561A00F4A3B9 /* placeholder.png */; };
		BA7EB8F8241911C80072E008 /* AppDelegate.m in Sources */ = {isa = PBXBuildFile; fileRef = BA7EB8F7241911C80072E008 /* AppDelegate.m */; };
		BA7EB8FB241911C80072E008 /* ViewController.m in Sources */ = {isa = PBXBuildFile; fileRef = BA7EB8FA241911C80072E008 /* ViewController.m */; };
		BA7EB8FE241911C80072E008 /* Main.storyboard in Resources */ = {isa = PBXBuildFile; fileRef = BA7EB8FC241911C80072E008 /* Main.storyboard */; };
		BA7EB900241911C80072E008 /* Assets.xcassets in Resources */ = {isa = PBXBuildFile; fileRef = BA7EB8FF241911C80072E008 /* Assets.xcassets */; };
		BA7EB903241911C80072E008 /* LaunchScreen.storyboard in Resources */ = {isa = PBXBuildFile; fileRef = BA7EB901241911C80072E008 /* LaunchScreen.storyboard */; };
		BA7EB906241911C80072E008 /* main.m in Sources */ = {isa = PBXBuildFile; fileRef = BA7EB905241911C80072E008 /* main.m */; };
		BA7EB90E24191FCA0072E008 /* TableViewController.m in Sources */ = {isa = PBXBuildFile; fileRef = BA7EB90D24191FCA0072E008 /* TableViewController.m */; };
		DB349B2FDB8631654F85EE89 /* libPods-webServiceDeom.a in Frameworks */ = {isa = PBXBuildFile; fileRef = 01824B910DF60A578B8797BB /* libPods-webServiceDeom.a */; };
/* End PBXBuildFile section */

/* Begin PBXFileReference section */
		01824B910DF60A578B8797BB /* libPods-webServiceDeom.a */ = {isa = PBXFileReference; explicitFileType = archive.ar; includeInIndex = 0; path = "libPods-webServiceDeom.a"; sourceTree = BUILT_PRODUCTS_DIR; };
		358A8EEA28BE4A8E6076FDBB /* Pods-webServiceDeom.release.xcconfig */ = {isa = PBXFileReference; includeInIndex = 1; lastKnownFileType = text.xcconfig; name = "Pods-webServiceDeom.release.xcconfig"; path = "Pods/Target Support Files/Pods-webServiceDeom/Pods-webServiceDeom.release.xcconfig"; sourceTree = "<group>"; };
		BA0CAC04241A41E800408C11 /* Colleague.m */ = {isa = PBXFileReference; fileEncoding = 4; lastKnownFileType = sourcecode.c.objc; path = Colleague.m; sourceTree = "<group>"; };
		BA0CAC05241A41E800408C11 /* Colleague.h */ = {isa = PBXFileReference; fileEncoding = 4; lastKnownFileType = sourcecode.c.h; path = Colleague.h; sourceTree = "<group>"; };
		BA0CAC08241A435200408C11 /* DetailsViewController.h */ = {isa = PBXFileReference; lastKnownFileType = sourcecode.c.h; path = DetailsViewController.h; sourceTree = "<group>"; };
		BA0CAC09241A435200408C11 /* DetailsViewController.m */ = {isa = PBXFileReference; lastKnownFileType = sourcecode.c.objc; path = DetailsViewController.m; sourceTree = "<group>"; };
		BA108C1E241A561A00F4A3B9 /* placeholder.png */ = {isa = PBXFileReference; lastKnownFileType = image.png; path = placeholder.png; sourceTree = "<group>"; };
		BA7EB8F3241911C70072E008 /* webServiceDeom.app */ = {isa = PBXFileReference; explicitFileType = wrapper.application; includeInIndex = 0; path = webServiceDeom.app; sourceTree = BUILT_PRODUCTS_DIR; };
		BA7EB8F6241911C80072E008 /* AppDelegate.h */ = {isa = PBXFileReference; lastKnownFileType = sourcecode.c.h; path = AppDelegate.h; sourceTree = "<group>"; };
		BA7EB8F7241911C80072E008 /* AppDelegate.m */ = {isa = PBXFileReference; lastKnownFileType = sourcecode.c.objc; path = AppDelegate.m; sourceTree = "<group>"; };
		BA7EB8F9241911C80072E008 /* ViewController.h */ = {isa = PBXFileReference; lastKnownFileType = sourcecode.c.h; path = ViewController.h; sourceTree = "<group>"; };
		BA7EB8FA241911C80072E008 /* ViewController.m */ = {isa = PBXFileReference; lastKnownFileType = sourcecode.c.objc; path = ViewController.m; sourceTree = "<group>"; };
		BA7EB8FD241911C80072E008 /* Base */ = {isa = PBXFileReference; lastKnownFileType = file.storyboard; name = Base; path = Base.lproj/Main.storyboard; sourceTree = "<group>"; };
		BA7EB8FF241911C80072E008 /* Assets.xcassets */ = {isa = PBXFileReference; lastKnownFileType = folder.assetcatalog; path = Assets.xcassets; sourceTree = "<group>"; };
		BA7EB902241911C80072E008 /* Base */ = {isa = PBXFileReference; lastKnownFileType = file.storyboard; name = Base; path = Base.lproj/LaunchScreen.storyboard; sourceTree = "<group>"; };
		BA7EB904241911C80072E008 /* Info.plist */ = {isa = PBXFileReference; lastKnownFileType = text.plist.xml; path = Info.plist; sourceTree = "<group>"; };
		BA7EB905241911C80072E008 /* main.m */ = {isa = PBXFileReference; lastKnownFileType = sourcecode.c.objc; path = main.m; sourceTree = "<group>"; };
		BA7EB90C24191FCA0072E008 /* TableViewController.h */ = {isa = PBXFileReference; lastKnownFileType = sourcecode.c.h; path = TableViewController.h; sourceTree = "<group>"; };
		BA7EB90D24191FCA0072E008 /* TableViewController.m */ = {isa = PBXFileReference; lastKnownFileType = sourcecode.c.objc; path = TableViewController.m; sourceTree = "<group>"; };
		EF8008B8CBAAE4F54043B72B /* Pods-webServiceDeom.debug.xcconfig */ = {isa = PBXFileReference; includeInIndex = 1; lastKnownFileType = text.xcconfig; name = "Pods-webServiceDeom.debug.xcconfig"; path = "Pods/Target Support Files/Pods-webServiceDeom/Pods-webServiceDeom.debug.xcconfig"; sourceTree = "<group>"; };
/* End PBXFileReference section */

/* Begin PBXFrameworksBuildPhase section */
		BA7EB8F0241911C70072E008 /* Frameworks */ = {
			isa = PBXFrameworksBuildPhase;
			buildActionMask = 2147483647;
			files = (
				DB349B2FDB8631654F85EE89 /* libPods-webServiceDeom.a in Frameworks */,
			);
			runOnlyForDeploymentPostprocessing = 0;
		};
/* End PBXFrameworksBuildPhase section */

/* Begin PBXGroup section */
		239F082C04AB95A1B1804B90 /* Frameworks */ = {
			isa = PBXGroup;
			children = (
				01824B910DF60A578B8797BB /* libPods-webServiceDeom.a */,
			);
			name = Frameworks;
			sourceTree = "<group>";
		};
		BA7EB8EA241911C70072E008 = {
			isa = PBXGroup;
			children = (
				BA7EB8F5241911C80072E008 /* webServiceDeom */,
				BA7EB8F4241911C70072E008 /* Products */,
				CC7C5A7D704BC54AABB86EE7 /* Pods */,
				239F082C04AB95A1B1804B90 /* Frameworks */,
			);
			sourceTree = "<group>";
		};
		BA7EB8F4241911C70072E008 /* Products */ = {
			isa = PBXGroup;
			children = (
				BA7EB8F3241911C70072E008 /* webServiceDeom.app */,
			);
			name = Products;
			sourceTree = "<group>";
		};
		BA7EB8F5241911C80072E008 /* webServiceDeom */ = {
			isa = PBXGroup;
			children = (
				BA108C1E241A561A00F4A3B9 /* placeholder.png */,
				BA0CAC05241A41E800408C11 /* Colleague.h */,
				BA0CAC04241A41E800408C11 /* Colleague.m */,
				BA7EB8F6241911C80072E008 /* AppDelegate.h */,
				BA7EB8F7241911C80072E008 /* AppDelegate.m */,
				BA7EB8F9241911C80072E008 /* ViewController.h */,
				BA7EB8FA241911C80072E008 /* ViewController.m */,
				BA7EB8FC241911C80072E008 /* Main.storyboard */,
				BA7EB8FF241911C80072E008 /* Assets.xcassets */,
				BA7EB901241911C80072E008 /* LaunchScreen.storyboard */,
				BA7EB904241911C80072E008 /* Info.plist */,
				BA7EB905241911C80072E008 /* main.m */,
				BA7EB90C24191FCA0072E008 /* TableViewController.h */,
				BA7EB90D24191FCA0072E008 /* TableViewController.m */,
				BA0CAC08241A435200408C11 /* DetailsViewController.h */,
				BA0CAC09241A435200408C11 /* DetailsViewController.m */,
			);
			path = webServiceDeom;
			sourceTree = "<group>";
		};
		CC7C5A7D704BC54AABB86EE7 /* Pods */ = {
			isa = PBXGroup;
			children = (
				EF8008B8CBAAE4F54043B72B /* Pods-webServiceDeom.debug.xcconfig */,
				358A8EEA28BE4A8E6076FDBB /* Pods-webServiceDeom.release.xcconfig */,
			);
			name = Pods;
			sourceTree = "<group>";
		};
/* End PBXGroup section */

/* Begin PBXNativeTarget section */
		BA7EB8F2241911C70072E008 /* webServiceDeom */ = {
			isa = PBXNativeTarget;
			buildConfigurationList = BA7EB909241911C80072E008 /* Build configuration list for PBXNativeTarget "webServiceDeom" */;
			buildPhases = (
				E75A0A7FC8C7D8FBEF83AE1B /* [CP] Check Pods Manifest.lock */,
				BA7EB8EF241911C70072E008 /* Sources */,
				BA7EB8F0241911C70072E008 /* Frameworks */,
				BA7EB8F1241911C70072E008 /* Resources */,
			);
			buildRules = (
			);
			dependencies = (
			);
			name = webServiceDeom;
			productName = webServiceDeom;
			productReference = BA7EB8F3241911C70072E008 /* webServiceDeom.app */;
			productType = "com.apple.product-type.application";
		};
/* End PBXNativeTarget section */

/* Begin PBXProject section */
		BA7EB8EB241911C70072E008 /* Project object */ = {
			isa = PBXProject;
			attributes = {
				LastUpgradeCheck = 0930;
				ORGANIZATIONNAME = Yahya;
				TargetAttributes = {
					BA7EB8F2241911C70072E008 = {
						CreatedOnToolsVersion = 9.3;
					};
				};
			};
			buildConfigurationList = BA7EB8EE241911C70072E008 /* Build configuration list for PBXProject "webServiceDeom" */;
			compatibilityVersion = "Xcode 9.3";
			developmentRegion = en;
			hasScannedForEncodings = 0;
			knownRegions = (
				en,
				Base,
			);
			mainGroup = BA7EB8EA241911C70072E008;
			productRefGroup = BA7EB8F4241911C70072E008 /* Products */;
			projectDirPath = "";
			projectRoot = "";
			targets = (
				BA7EB8F2241911C70072E008 /* webServiceDeom */,
			);
		};
/* End PBXProject section */

/* Begin PBXResourcesBuildPhase section */
		BA7EB8F1241911C70072E008 /* Resources */ = {
			isa = PBXResourcesBuildPhase;
			buildActionMask = 2147483647;
			files = (
				BA7EB903241911C80072E008 /* LaunchScreen.storyboard in Resources */,
				BA108C1F241A561A00F4A3B9 /* placeholder.png in Resources */,
				BA7EB900241911C80072E008 /* Assets.xcassets in Resources */,
				BA7EB8FE241911C80072E008 /* Main.storyboard in Resources */,
			);
			runOnlyForDeploymentPostprocessing = 0;
		};
/* End PBXResourcesBuildPhase section */

/* Begin PBXShellScriptBuildPhase section */
		E75A0A7FC8C7D8FBEF83AE1B /* [CP] Check Pods Manifest.lock */ = {
			isa = PBXShellScriptBuildPhase;
			buildActionMask = 2147483647;
			files = (
			);
			inputPaths = (
				"${PODS_PODFILE_DIR_PATH}/Podfile.lock",
				"${PODS_ROOT}/Manifest.lock",
			);
			name = "[CP] Check Pods Manifest.lock";
			outputPaths = (
				"$(DERIVED_FILE_DIR)/Pods-webServiceDeom-checkManifestLockResult.txt",
			);
			runOnlyForDeploymentPostprocessing = 0;
			shellPath = /bin/sh;
			shellScript = "diff \"${PODS_PODFILE_DIR_PATH}/Podfile.lock\" \"${PODS_ROOT}/Manifest.lock\" > /dev/null\nif [ $? != 0 ] ; then\n    # print error to STDERR\n    echo \"error: The sandbox is not in sync with the Podfile.lock. Run 'pod install' or update your CocoaPods installation.\" >&2\n    exit 1\nfi\n# This output is used by Xcode 'outputs' to avoid re-running this script phase.\necho \"SUCCESS\" > \"${SCRIPT_OUTPUT_FILE_0}\"\n";
			showEnvVarsInLog = 0;
		};
/* End PBXShellScriptBuildPhase section */

/* Begin PBXSourcesBuildPhase section */
		BA7EB8EF241911C70072E008 /* Sources */ = {
			isa = PBXSourcesBuildPhase;
			buildActionMask = 2147483647;
			files = (
				BA7EB8FB241911C80072E008 /* ViewController.m in Sources */,
				BA7EB906241911C80072E008 /* main.m in Sources */,
				BA0CAC06241A41E800408C11 /* Colleague.m in Sources */,
				BA0CAC0A241A435200408C11 /* DetailsViewController.m in Sources */,
				BA7EB8F8241911C80072E008 /* AppDelegate.m in Sources */,
				BA7EB90E24191FCA0072E008 /* TableViewController.m in Sources */,
			);
			runOnlyForDeploymentPostprocessing = 0;
		};
/* End PBXSourcesBuildPhase section */

/* Begin PBXVariantGroup section */
		BA7EB8FC241911C80072E008 /* Main.storyboard */ = {
			isa = PBXVariantGroup;
			children = (
				BA7EB8FD241911C80072E008 /* Base */,
			);
			name = Main.storyboard;
			sourceTree = "<group>";
		};
		BA7EB901241911C80072E008 /* LaunchScreen.storyboard */ = {
			isa = PBXVariantGroup;
			children = (
				BA7EB902241911C80072E008 /* Base */,
			);
			name = LaunchScreen.storyboard;
			sourceTree = "<group>";
		};
/* End PBXVariantGroup section */

/* Begin XCBuildConfiguration section */
		BA7EB907241911C80072E008 /* Debug */ = {
			isa = XCBuildConfiguration;
			buildSettings = {
				ALWAYS_SEARCH_USER_PATHS = NO;
				CLANG_ANALYZER_NONNULL = YES;
				CLANG_ANALYZER_NUMBER_OBJECT_CONVERSION = YES_AGGRESSIVE;
				CLANG_CXX_LANGUAGE_STANDARD = "gnu++14";
				CLANG_CXX_LIBRARY = "libc++";
				CLANG_ENABLE_MODULES = YES;
				CLANG_ENABLE_OBJC_ARC = YES;
				CLANG_ENABLE_OBJC_WEAK = YES;
				CLANG_WARN_BLOCK_CAPTURE_AUTORELEASING = YES;
				CLANG_WARN_BOOL_CONVERSION = YES;
				CLANG_WARN_COMMA = YES;
				CLANG_WARN_CONSTANT_CONVERSION = YES;
				CLANG_WARN_DEPRECATED_OBJC_IMPLEMENTATIONS = YES;
				CLANG_WARN_DIRECT_OBJC_ISA_USAGE = YES_ERROR;
				CLANG_WARN_DOCUMENTATION_COMMENTS = YES;
				CLANG_WARN_EMPTY_BODY = YES;
				CLANG_WARN_ENUM_CONVERSION = YES;
				CLANG_WARN_INFINITE_RECURSION = YES;
				CLANG_WARN_INT_CONVERSION = YES;
				CLANG_WARN_NON_LITERAL_NULL_CONVERSION = YES;
				CLANG_WARN_OBJC_IMPLICIT_RETAIN_SELF = YES;
				CLANG_WARN_OBJC_LITERAL_CONVERSION = YES;
				CLANG_WARN_OBJC_ROOT_CLASS = YES_ERROR;
				CLANG_WARN_RANGE_LOOP_ANALYSIS = YES;
				CLANG_WARN_STRICT_PROTOTYPES = YES;
				CLANG_WARN_SUSPICIOUS_MOVE = YES;
				CLANG_WARN_UNGUARDED_AVAILABILITY = YES_AGGRESSIVE;
				CLANG_WARN_UNREACHABLE_CODE = YES;
				CLANG_WARN__DUPLICATE_METHOD_MATCH = YES;
				CODE_SIGN_IDENTITY = "iPhone Developer";
				COPY_PHASE_STRIP = NO;
				DEBUG_INFORMATION_FORMAT = dwarf;
				ENABLE_STRICT_OBJC_MSGSEND = YES;
				ENABLE_TESTABILITY = YES;
				GCC_C_LANGUAGE_STANDARD = gnu11;
				GCC_DYNAMIC_NO_PIC = NO;
				GCC_NO_COMMON_BLOCKS = YES;
				GCC_OPTIMIZATION_LEVEL = 0;
				GCC_PREPROCESSOR_DEFINITIONS = (
					"DEBUG=1",
					"$(inherited)",
				);
				GCC_WARN_64_TO_32_BIT_CONVERSION = YES;
				GCC_WARN_ABOUT_RETURN_TYPE = YES_ERROR;
				GCC_WARN_UNDECLARED_SELECTOR = YES;
				GCC_WARN_UNINITIALIZED_AUTOS = YES_AGGRESSIVE;
				GCC_WARN_UNUSED_FUNCTION = YES;
				GCC_WARN_UNUSED_VARIABLE = YES;
				IPHONEOS_DEPLOYMENT_TARGET = 11.3;
				MTL_ENABLE_DEBUG_INFO = YES;
				ONLY_ACTIVE_ARCH = YES;
				SDKROOT = iphoneos;
			};
			name = Debug;
		};
		BA7EB908241911C80072E008 /* Release */ = {
			isa = XCBuildConfiguration;
			buildSettings = {
				ALWAYS_SEARCH_USER_PATHS = NO;
				CLANG_ANALYZER_NONNULL = YES;
				CLANG_ANALYZER_NUMBER_OBJECT_CONVERSION = YES_AGGRESSIVE;
				CLANG_CXX_LANGUAGE_STANDARD = "gnu++14";
				CLANG_CXX_LIBRARY = "libc++";
				CLANG_ENABLE_MODULES = YES;
				CLANG_ENABLE_OBJC_ARC = YES;
				CLANG_ENABLE_OBJC_WEAK = YES;
				CLANG_WARN_BLOCK_CAPTURE_AUTORELEASING = YES;
				CLANG_WARN_BOOL_CONVERSION = YES;
				CLANG_WARN_COMMA = YES;
				CLANG_WARN_CONSTANT_CONVERSION = YES;
				CLANG_WARN_DEPRECATED_OBJC_IMPLEMENTATIONS = YES;
				CLANG_WARN_DIRECT_OBJC_ISA_USAGE = YES_ERROR;
				CLANG_WARN_DOCUMENTATION_COMMENTS = YES;
				CLANG_WARN_EMPTY_BODY = YES;
				CLANG_WARN_ENUM_CONVERSION = YES;
				CLANG_WARN_INFINITE_RECURSION = YES;
				CLANG_WARN_INT_CONVERSION = YES;
				CLANG_WARN_NON_LITERAL_NULL_CONVERSION = YES;
				CLANG_WARN_OBJC_IMPLICIT_RETAIN_SELF = YES;
				CLANG_WARN_OBJC_LITERAL_CONVERSION = YES;
				CLANG_WARN_OBJC_ROOT_CLASS = YES_ERROR;
				CLANG_WARN_RANGE_LOOP_ANALYSIS = YES;
				CLANG_WARN_STRICT_PROTOTYPES = YES;
				CLANG_WARN_SUSPICIOUS_MOVE = YES;
				CLANG_WARN_UNGUARDED_AVAILABILITY = YES_AGGRESSIVE;
				CLANG_WARN_UNREACHABLE_CODE = YES;
				CLANG_WARN__DUPLICATE_METHOD_MATCH = YES;
				CODE_SIGN_IDENTITY = "iPhone Developer";
				COPY_PHASE_STRIP = NO;
				DEBUG_INFORMATION_FORMAT = "dwarf-with-dsym";
				ENABLE_NS_ASSERTIONS = NO;
				ENABLE_STRICT_OBJC_MSGSEND = YES;
				GCC_C_LANGUAGE_STANDARD = gnu11;
				GCC_NO_COMMON_BLOCKS = YES;
				GCC_WARN_64_TO_32_BIT_CONVERSION = YES;
				GCC_WARN_ABOUT_RETURN_TYPE = YES_ERROR;
				GCC_WARN_UNDECLARED_SELECTOR = YES;
				GCC_WARN_UNINITIALIZED_AUTOS = YES_AGGRESSIVE;
				GCC_WARN_UNUSED_FUNCTION = YES;
				GCC_WARN_UNUSED_VARIABLE = YES;
				IPHONEOS_DEPLOYMENT_TARGET = 11.3;
				MTL_ENABLE_DEBUG_INFO = NO;
				SDKROOT = iphoneos;
				VALIDATE_PRODUCT = YES;
			};
			name = Release;
		};
		BA7EB90A241911C80072E008 /* Debug */ = {
			isa = XCBuildConfiguration;
			baseConfigurationReference = EF8008B8CBAAE4F54043B72B /* Pods-webServiceDeom.debug.xcconfig */;
			buildSettings = {
				ASSETCATALOG_COMPILER_APPICON_NAME = AppIcon;
				CODE_SIGN_STYLE = Automatic;
				INFOPLIST_FILE = webServiceDeom/Info.plist;
				LD_RUNPATH_SEARCH_PATHS = (
					"$(inherited)",
					"@executable_path/Frameworks",
				);
				PRODUCT_BUNDLE_IDENTIFIER = com.ep.webServiceDeom;
				PRODUCT_NAME = "$(TARGET_NAME)";
				TARGETED_DEVICE_FAMILY = "1,2";
			};
			name = Debug;
		};
		BA7EB90B241911C80072E008 /* Release */ = {
			isa = XCBuildConfiguration;
			baseConfigurationReference = 358A8EEA28BE4A8E6076FDBB /* Pods-webServiceDeom.release.xcconfig */;
			buildSettings = {
				ASSETCATALOG_COMPILER_APPICON_NAME = AppIcon;
				CODE_SIGN_STYLE = Automatic;
				INFOPLIST_FILE = webServiceDeom/Info.plist;
				LD_RUNPATH_SEARCH_PATHS = (
					"$(inherited)",
					"@executable_path/Frameworks",
				);
				PRODUCT_BUNDLE_IDENTIFIER = com.ep.webServiceDeom;
				PRODUCT_NAME = "$(TARGET_NAME)";
				TARGETED_DEVICE_FAMILY = "1,2";
			};
			name = Release;
		};
/* End XCBuildConfiguration section */

/* Begin XCConfigurationList section */
		BA7EB8EE241911C70072E008 /* Build configuration list for PBXProject "webServiceDeom" */ = {
			isa = XCConfigurationList;
			buildConfigurations = (
				BA7EB907241911C80072E008 /* Debug */,
				BA7EB908241911C80072E008 /* Release */,
			);
			defaultConfigurationIsVisible = 0;
			defaultConfigurationName = Release;
		};
		BA7EB909241911C80072E008 /* Build configuration list for PBXNativeTarget "webServiceDeom" */ = {
			isa = XCConfigurationList;
			buildConfigurations = (
				BA7EB90A241911C80072E008 /* Debug */,
				BA7EB90B241911C80072E008 /* Release */,
			);
			defaultConfigurationIsVisible = 0;
			defaultConfigurationName = Release;
		};
/* End XCConfigurationList section */
	};
	rootObject = BA7EB8EB241911C70072E008 /* Project object */;
}
