// !$*UTF8*$!
{
	archiveVersion = 1;
	classes = {
	};
	objectVersion = 50;
	objects = {

/* Begin PBXBuildFile section */
		BAA6E82A2430C00B00ECA103 /* avengers.jpg in Resources */ = {isa = PBXBuildFile; fileRef = BAA6E8292430C00B00ECA103 /* avengers.jpg */; };
		BAD8EB0124309D5B00C853C4 /* AppDelegate.swift in Sources */ = {isa = PBXBuildFile; fileRef = BAD8EB0024309D5B00C853C4 /* AppDelegate.swift */; };
		BAD8EB0624309D5B00C853C4 /* Main.storyboard in Resources */ = {isa = PBXBuildFile; fileRef = BAD8EB0424309D5B00C853C4 /* Main.storyboard */; };
		BAD8EB0824309D5D00C853C4 /* Assets.xcassets in Resources */ = {isa = PBXBuildFile; fileRef = BAD8EB0724309D5D00C853C4 /* Assets.xcassets */; };
		BAD8EB0B24309D5D00C853C4 /* LaunchScreen.storyboard in Resources */ = {isa = PBXBuildFile; fileRef = BAD8EB0924309D5D00C853C4 /* LaunchScreen.storyboard */; };
		BAD8EB1324309ECF00C853C4 /* CollectionViewController.swift in Sources */ = {isa = PBXBuildFile; fileRef = BAD8EB1224309ECF00C853C4 /* CollectionViewController.swift */; };
		BAD8EB1524309EFB00C853C4 /* CollectionViewCell.swift in Sources */ = {isa = PBXBuildFile; fileRef = BAD8EB1424309EFB00C853C4 /* CollectionViewCell.swift */; };
		BAD8EB192430AD8E00C853C4 /* males1.png in Resources */ = {isa = PBXBuildFile; fileRef = BAD8EB182430AD8E00C853C4 /* males1.png */; };
		C4AC9BB5369126941A4640D0 /* Pods_CollectionViewDemo.framework in Frameworks */ = {isa = PBXBuildFile; fileRef = B5149659DAB1EC0B1EA57C89 /* Pods_CollectionViewDemo.framework */; };
/* End PBXBuildFile section */

/* Begin PBXFileReference section */
		3CDC448F56145122D32B2FCA /* Pods-CollectionViewDemo.release.xcconfig */ = {isa = PBXFileReference; includeInIndex = 1; lastKnownFileType = text.xcconfig; name = "Pods-CollectionViewDemo.release.xcconfig"; path = "Pods/Target Support Files/Pods-CollectionViewDemo/Pods-CollectionViewDemo.release.xcconfig"; sourceTree = "<group>"; };
		690ACAF2E5DEB5E9155DC9E4 /* Pods-CollectionViewDemo.debug.xcconfig */ = {isa = PBXFileReference; includeInIndex = 1; lastKnownFileType = text.xcconfig; name = "Pods-CollectionViewDemo.debug.xcconfig"; path = "Pods/Target Support Files/Pods-CollectionViewDemo/Pods-CollectionViewDemo.debug.xcconfig"; sourceTree = "<group>"; };
		B5149659DAB1EC0B1EA57C89 /* Pods_CollectionViewDemo.framework */ = {isa = PBXFileReference; explicitFileType = wrapper.framework; includeInIndex = 0; path = Pods_CollectionViewDemo.framework; sourceTree = BUILT_PRODUCTS_DIR; };
		BAA6E8272430BAB700ECA103 /* Sources */ = {isa = PBXFileReference; lastKnownFileType = folder; name = Sources; path = Pods/Kingfisher/Sources; sourceTree = "<group>"; };
		BAA6E8292430C00B00ECA103 /* avengers.jpg */ = {isa = PBXFileReference; lastKnownFileType = image.jpeg; path = avengers.jpg; sourceTree = "<group>"; };
		BAD8EAFD24309D5B00C853C4 /* CollectionViewDemo.app */ = {isa = PBXFileReference; explicitFileType = wrapper.application; includeInIndex = 0; path = CollectionViewDemo.app; sourceTree = BUILT_PRODUCTS_DIR; };
		BAD8EB0024309D5B00C853C4 /* AppDelegate.swift */ = {isa = PBXFileReference; lastKnownFileType = sourcecode.swift; path = AppDelegate.swift; sourceTree = "<group>"; };
		BAD8EB0524309D5B00C853C4 /* Base */ = {isa = PBXFileReference; lastKnownFileType = file.storyboard; name = Base; path = Base.lproj/Main.storyboard; sourceTree = "<group>"; };
		BAD8EB0724309D5D00C853C4 /* Assets.xcassets */ = {isa = PBXFileReference; lastKnownFileType = folder.assetcatalog; path = Assets.xcassets; sourceTree = "<group>"; };
		BAD8EB0A24309D5D00C853C4 /* Base */ = {isa = PBXFileReference; lastKnownFileType = file.storyboard; name = Base; path = Base.lproj/LaunchScreen.storyboard; sourceTree = "<group>"; };
		BAD8EB0C24309D5D00C853C4 /* Info.plist */ = {isa = PBXFileReference; lastKnownFileType = text.plist.xml; path = Info.plist; sourceTree = "<group>"; };
		BAD8EB1224309ECF00C853C4 /* CollectionViewController.swift */ = {isa = PBXFileReference; lastKnownFileType = sourcecode.swift; path = CollectionViewController.swift; sourceTree = "<group>"; };
		BAD8EB1424309EFB00C853C4 /* CollectionViewCell.swift */ = {isa = PBXFileReference; lastKnownFileType = sourcecode.swift; path = CollectionViewCell.swift; sourceTree = "<group>"; };
		BAD8EB182430AD8E00C853C4 /* males1.png */ = {isa = PBXFileReference; lastKnownFileType = image.png; path = males1.png; sourceTree = "<group>"; };
/* End PBXFileReference section */

/* Begin PBXFrameworksBuildPhase section */
		BAD8EAFA24309D5B00C853C4 /* Frameworks */ = {
			isa = PBXFrameworksBuildPhase;
			buildActionMask = 2147483647;
			files = (
				C4AC9BB5369126941A4640D0 /* Pods_CollectionViewDemo.framework in Frameworks */,
			);
			runOnlyForDeploymentPostprocessing = 0;
		};
/* End PBXFrameworksBuildPhase section */

/* Begin PBXGroup section */
		39D157ACF7130A0DE55C618E /* Frameworks */ = {
			isa = PBXGroup;
			children = (
				BAA6E8272430BAB700ECA103 /* Sources */,
				B5149659DAB1EC0B1EA57C89 /* Pods_CollectionViewDemo.framework */,
			);
			name = Frameworks;
			sourceTree = "<group>";
		};
		8B5D2E9979E1795BC3FC253E /* Pods */ = {
			isa = PBXGroup;
			children = (
				690ACAF2E5DEB5E9155DC9E4 /* Pods-CollectionViewDemo.debug.xcconfig */,
				3CDC448F56145122D32B2FCA /* Pods-CollectionViewDemo.release.xcconfig */,
			);
			name = Pods;
			sourceTree = "<group>";
		};
		BAD8EAF424309D5B00C853C4 = {
			isa = PBXGroup;
			children = (
				BAD8EAFF24309D5B00C853C4 /* CollectionViewDemo */,
				BAD8EAFE24309D5B00C853C4 /* Products */,
				39D157ACF7130A0DE55C618E /* Frameworks */,
				8B5D2E9979E1795BC3FC253E /* Pods */,
			);
			sourceTree = "<group>";
		};
		BAD8EAFE24309D5B00C853C4 /* Products */ = {
			isa = PBXGroup;
			children = (
				BAD8EAFD24309D5B00C853C4 /* CollectionViewDemo.app */,
			);
			name = Products;
			sourceTree = "<group>";
		};
		BAD8EAFF24309D5B00C853C4 /* CollectionViewDemo */ = {
			isa = PBXGroup;
			children = (
				BAD8EB0024309D5B00C853C4 /* AppDelegate.swift */,
				BAD8EB0424309D5B00C853C4 /* Main.storyboard */,
				BAD8EB0724309D5D00C853C4 /* Assets.xcassets */,
				BAD8EB0924309D5D00C853C4 /* LaunchScreen.storyboard */,
				BAD8EB0C24309D5D00C853C4 /* Info.plist */,
				BAD8EB1224309ECF00C853C4 /* CollectionViewController.swift */,
				BAD8EB1424309EFB00C853C4 /* CollectionViewCell.swift */,
				BAD8EB182430AD8E00C853C4 /* males1.png */,
				BAA6E8292430C00B00ECA103 /* avengers.jpg */,
			);
			path = CollectionViewDemo;
			sourceTree = "<group>";
		};
/* End PBXGroup section */

/* Begin PBXNativeTarget section */
		BAD8EAFC24309D5B00C853C4 /* CollectionViewDemo */ = {
			isa = PBXNativeTarget;
			buildConfigurationList = BAD8EB0F24309D5D00C853C4 /* Build configuration list for PBXNativeTarget "CollectionViewDemo" */;
			buildPhases = (
				3740B6FDD9DCEC96A05E9AD2 /* [CP] Check Pods Manifest.lock */,
				BAD8EAF924309D5B00C853C4 /* Sources */,
				BAD8EAFA24309D5B00C853C4 /* Frameworks */,
				BAD8EAFB24309D5B00C853C4 /* Resources */,
				19EE23B9F912C9B3AFDA5154 /* [CP] Embed Pods Frameworks */,
			);
			buildRules = (
			);
			dependencies = (
			);
			name = CollectionViewDemo;
			productName = CollectionViewDemo;
			productReference = BAD8EAFD24309D5B00C853C4 /* CollectionViewDemo.app */;
			productType = "com.apple.product-type.application";
		};
/* End PBXNativeTarget section */

/* Begin PBXProject section */
		BAD8EAF524309D5B00C853C4 /* Project object */ = {
			isa = PBXProject;
			attributes = {
				LastSwiftUpdateCheck = 0930;
				LastUpgradeCheck = 0930;
				ORGANIZATIONNAME = Yahya;
				TargetAttributes = {
					BAD8EAFC24309D5B00C853C4 = {
						CreatedOnToolsVersion = 9.3;
					};
				};
			};
			buildConfigurationList = BAD8EAF824309D5B00C853C4 /* Build configuration list for PBXProject "CollectionViewDemo" */;
			compatibilityVersion = "Xcode 9.3";
			developmentRegion = en;
			hasScannedForEncodings = 0;
			knownRegions = (
				en,
				Base,
			);
			mainGroup = BAD8EAF424309D5B00C853C4;
			productRefGroup = BAD8EAFE24309D5B00C853C4 /* Products */;
			projectDirPath = "";
			projectRoot = "";
			targets = (
				BAD8EAFC24309D5B00C853C4 /* CollectionViewDemo */,
			);
		};
/* End PBXProject section */

/* Begin PBXResourcesBuildPhase section */
		BAD8EAFB24309D5B00C853C4 /* Resources */ = {
			isa = PBXResourcesBuildPhase;
			buildActionMask = 2147483647;
			files = (
				BAD8EB0B24309D5D00C853C4 /* LaunchScreen.storyboard in Resources */,
				BAD8EB192430AD8E00C853C4 /* males1.png in Resources */,
				BAA6E82A2430C00B00ECA103 /* avengers.jpg in Resources */,
				BAD8EB0824309D5D00C853C4 /* Assets.xcassets in Resources */,
				BAD8EB0624309D5B00C853C4 /* Main.storyboard in Resources */,
			);
			runOnlyForDeploymentPostprocessing = 0;
		};
/* End PBXResourcesBuildPhase section */

/* Begin PBXShellScriptBuildPhase section */
		19EE23B9F912C9B3AFDA5154 /* [CP] Embed Pods Frameworks */ = {
			isa = PBXShellScriptBuildPhase;
			buildActionMask = 2147483647;
			files = (
			);
			inputPaths = (
				"${SRCROOT}/Pods/Target Support Files/Pods-CollectionViewDemo/Pods-CollectionViewDemo-frameworks.sh",
				"${BUILT_PRODUCTS_DIR}/Kingfisher/Kingfisher.framework",
				"${BUILT_PRODUCTS_DIR}/SDWebImage/SDWebImage.framework",
			);
			name = "[CP] Embed Pods Frameworks";
			outputPaths = (
				"${TARGET_BUILD_DIR}/${FRAMEWORKS_FOLDER_PATH}/Kingfisher.framework",
				"${TARGET_BUILD_DIR}/${FRAMEWORKS_FOLDER_PATH}/SDWebImage.framework",
			);
			runOnlyForDeploymentPostprocessing = 0;
			shellPath = /bin/sh;
			shellScript = "\"${SRCROOT}/Pods/Target Support Files/Pods-CollectionViewDemo/Pods-CollectionViewDemo-frameworks.sh\"\n";
			showEnvVarsInLog = 0;
		};
		3740B6FDD9DCEC96A05E9AD2 /* [CP] Check Pods Manifest.lock */ = {
			isa = PBXShellScriptBuildPhase;
			buildActionMask = 2147483647;
			files = (
			);
			inputPaths = (
				"${PODS_PODFILE_DIR_PATH}/Podfile.lock",
				"${PODS_ROOT}/Manifest.lock",
			);
			name = "[CP] Check Pods Manifest.lock";
			outputPaths = (
				"$(DERIVED_FILE_DIR)/Pods-CollectionViewDemo-checkManifestLockResult.txt",
			);
			runOnlyForDeploymentPostprocessing = 0;
			shellPath = /bin/sh;
			shellScript = "diff \"${PODS_PODFILE_DIR_PATH}/Podfile.lock\" \"${PODS_ROOT}/Manifest.lock\" > /dev/null\nif [ $? != 0 ] ; then\n    # print error to STDERR\n    echo \"error: The sandbox is not in sync with the Podfile.lock. Run 'pod install' or update your CocoaPods installation.\" >&2\n    exit 1\nfi\n# This output is used by Xcode 'outputs' to avoid re-running this script phase.\necho \"SUCCESS\" > \"${SCRIPT_OUTPUT_FILE_0}\"\n";
			showEnvVarsInLog = 0;
		};
/* End PBXShellScriptBuildPhase section */

/* Begin PBXSourcesBuildPhase section */
		BAD8EAF924309D5B00C853C4 /* Sources */ = {
			isa = PBXSourcesBuildPhase;
			buildActionMask = 2147483647;
			files = (
				BAD8EB1324309ECF00C853C4 /* CollectionViewController.swift in Sources */,
				BAD8EB0124309D5B00C853C4 /* AppDelegate.swift in Sources */,
				BAD8EB1524309EFB00C853C4 /* CollectionViewCell.swift in Sources */,
			);
			runOnlyForDeploymentPostprocessing = 0;
		};
/* End PBXSourcesBuildPhase section */

/* Begin PBXVariantGroup section */
		BAD8EB0424309D5B00C853C4 /* Main.storyboard */ = {
			isa = PBXVariantGroup;
			children = (
				BAD8EB0524309D5B00C853C4 /* Base */,
			);
			name = Main.storyboard;
			sourceTree = "<group>";
		};
		BAD8EB0924309D5D00C853C4 /* LaunchScreen.storyboard */ = {
			isa = PBXVariantGroup;
			children = (
				BAD8EB0A24309D5D00C853C4 /* Base */,
			);
			name = LaunchScreen.storyboard;
			sourceTree = "<group>";
		};
/* End PBXVariantGroup section */

/* Begin XCBuildConfiguration section */
		BAD8EB0D24309D5D00C853C4 /* Debug */ = {
			isa = XCBuildConfiguration;
			buildSettings = {
				ALWAYS_SEARCH_USER_PATHS = NO;
				CLANG_ANALYZER_NONNULL = YES;
				CLANG_ANALYZER_NUMBER_OBJECT_CONVERSION = YES_AGGRESSIVE;
				CLANG_CXX_LANGUAGE_STANDARD = "gnu++14";
				CLANG_CXX_LIBRARY = "libc++";
				CLANG_ENABLE_MODULES = YES;
				CLANG_ENABLE_OBJC_ARC = YES;
				CLANG_ENABLE_OBJC_WEAK = YES;
				CLANG_WARN_BLOCK_CAPTURE_AUTORELEASING = YES;
				CLANG_WARN_BOOL_CONVERSION = YES;
				CLANG_WARN_COMMA = YES;
				CLANG_WARN_CONSTANT_CONVERSION = YES;
				CLANG_WARN_DEPRECATED_OBJC_IMPLEMENTATIONS = YES;
				CLANG_WARN_DIRECT_OBJC_ISA_USAGE = YES_ERROR;
				CLANG_WARN_DOCUMENTATION_COMMENTS = YES;
				CLANG_WARN_EMPTY_BODY = YES;
				CLANG_WARN_ENUM_CONVERSION = YES;
				CLANG_WARN_INFINITE_RECURSION = YES;
				CLANG_WARN_INT_CONVERSION = YES;
				CLANG_WARN_NON_LITERAL_NULL_CONVERSION = YES;
				CLANG_WARN_OBJC_IMPLICIT_RETAIN_SELF = YES;
				CLANG_WARN_OBJC_LITERAL_CONVERSION = YES;
				CLANG_WARN_OBJC_ROOT_CLASS = YES_ERROR;
				CLANG_WARN_RANGE_LOOP_ANALYSIS = YES;
				CLANG_WARN_STRICT_PROTOTYPES = YES;
				CLANG_WARN_SUSPICIOUS_MOVE = YES;
				CLANG_WARN_UNGUARDED_AVAILABILITY = YES_AGGRESSIVE;
				CLANG_WARN_UNREACHABLE_CODE = YES;
				CLANG_WARN__DUPLICATE_METHOD_MATCH = YES;
				CODE_SIGN_IDENTITY = "iPhone Developer";
				COPY_PHASE_STRIP = NO;
				DEBUG_INFORMATION_FORMAT = dwarf;
				ENABLE_STRICT_OBJC_MSGSEND = YES;
				ENABLE_TESTABILITY = YES;
				GCC_C_LANGUAGE_STANDARD = gnu11;
				GCC_DYNAMIC_NO_PIC = NO;
				GCC_NO_COMMON_BLOCKS = YES;
				GCC_OPTIMIZATION_LEVEL = 0;
				GCC_PREPROCESSOR_DEFINITIONS = (
					"DEBUG=1",
					"$(inherited)",
				);
				GCC_WARN_64_TO_32_BIT_CONVERSION = YES;
				GCC_WARN_ABOUT_RETURN_TYPE = YES_ERROR;
				GCC_WARN_UNDECLARED_SELECTOR = YES;
				GCC_WARN_UNINITIALIZED_AUTOS = YES_AGGRESSIVE;
				GCC_WARN_UNUSED_FUNCTION = YES;
				GCC_WARN_UNUSED_VARIABLE = YES;
				IPHONEOS_DEPLOYMENT_TARGET = 11.3;
				MTL_ENABLE_DEBUG_INFO = YES;
				ONLY_ACTIVE_ARCH = YES;
				SDKROOT = iphoneos;
				SWIFT_ACTIVE_COMPILATION_CONDITIONS = DEBUG;
				SWIFT_OPTIMIZATION_LEVEL = "-Onone";
			};
			name = Debug;
		};
		BAD8EB0E24309D5D00C853C4 /* Release */ = {
			isa = XCBuildConfiguration;
			buildSettings = {
				ALWAYS_SEARCH_USER_PATHS = NO;
				CLANG_ANALYZER_NONNULL = YES;
				CLANG_ANALYZER_NUMBER_OBJECT_CONVERSION = YES_AGGRESSIVE;
				CLANG_CXX_LANGUAGE_STANDARD = "gnu++14";
				CLANG_CXX_LIBRARY = "libc++";
				CLANG_ENABLE_MODULES = YES;
				CLANG_ENABLE_OBJC_ARC = YES;
				CLANG_ENABLE_OBJC_WEAK = YES;
				CLANG_WARN_BLOCK_CAPTURE_AUTORELEASING = YES;
				CLANG_WARN_BOOL_CONVERSION = YES;
				CLANG_WARN_COMMA = YES;
				CLANG_WARN_CONSTANT_CONVERSION = YES;
				CLANG_WARN_DEPRECATED_OBJC_IMPLEMENTATIONS = YES;
				CLANG_WARN_DIRECT_OBJC_ISA_USAGE = YES_ERROR;
				CLANG_WARN_DOCUMENTATION_COMMENTS = YES;
				CLANG_WARN_EMPTY_BODY = YES;
				CLANG_WARN_ENUM_CONVERSION = YES;
				CLANG_WARN_INFINITE_RECURSION = YES;
				CLANG_WARN_INT_CONVERSION = YES;
				CLANG_WARN_NON_LITERAL_NULL_CONVERSION = YES;
				CLANG_WARN_OBJC_IMPLICIT_RETAIN_SELF = YES;
				CLANG_WARN_OBJC_LITERAL_CONVERSION = YES;
				CLANG_WARN_OBJC_ROOT_CLASS = YES_ERROR;
				CLANG_WARN_RANGE_LOOP_ANALYSIS = YES;
				CLANG_WARN_STRICT_PROTOTYPES = YES;
				CLANG_WARN_SUSPICIOUS_MOVE = YES;
				CLANG_WARN_UNGUARDED_AVAILABILITY = YES_AGGRESSIVE;
				CLANG_WARN_UNREACHABLE_CODE = YES;
				CLANG_WARN__DUPLICATE_METHOD_MATCH = YES;
				CODE_SIGN_IDENTITY = "iPhone Developer";
				COPY_PHASE_STRIP = NO;
				DEBUG_INFORMATION_FORMAT = "dwarf-with-dsym";
				ENABLE_NS_ASSERTIONS = NO;
				ENABLE_STRICT_OBJC_MSGSEND = YES;
				GCC_C_LANGUAGE_STANDARD = gnu11;
				GCC_NO_COMMON_BLOCKS = YES;
				GCC_WARN_64_TO_32_BIT_CONVERSION = YES;
				GCC_WARN_ABOUT_RETURN_TYPE = YES_ERROR;
				GCC_WARN_UNDECLARED_SELECTOR = YES;
				GCC_WARN_UNINITIALIZED_AUTOS = YES_AGGRESSIVE;
				GCC_WARN_UNUSED_FUNCTION = YES;
				GCC_WARN_UNUSED_VARIABLE = YES;
				IPHONEOS_DEPLOYMENT_TARGET = 11.3;
				MTL_ENABLE_DEBUG_INFO = NO;
				SDKROOT = iphoneos;
				SWIFT_COMPILATION_MODE = wholemodule;
				SWIFT_OPTIMIZATION_LEVEL = "-O";
				VALIDATE_PRODUCT = YES;
			};
			name = Release;
		};
		BAD8EB1024309D5D00C853C4 /* Debug */ = {
			isa = XCBuildConfiguration;
			baseConfigurationReference = 690ACAF2E5DEB5E9155DC9E4 /* Pods-CollectionViewDemo.debug.xcconfig */;
			buildSettings = {
				ASSETCATALOG_COMPILER_APPICON_NAME = AppIcon;
				CODE_SIGN_STYLE = Automatic;
				INFOPLIST_FILE = CollectionViewDemo/Info.plist;
				LD_RUNPATH_SEARCH_PATHS = "$(inherited) @executable_path/Frameworks";
				PRODUCT_BUNDLE_IDENTIFIER = com.ep.CollectionViewDemo;
				PRODUCT_NAME = "$(TARGET_NAME)";
				SWIFT_VERSION = 4.0;
				TARGETED_DEVICE_FAMILY = "1,2";
			};
			name = Debug;
		};
		BAD8EB1124309D5D00C853C4 /* Release */ = {
			isa = XCBuildConfiguration;
			baseConfigurationReference = 3CDC448F56145122D32B2FCA /* Pods-CollectionViewDemo.release.xcconfig */;
			buildSettings = {
				ASSETCATALOG_COMPILER_APPICON_NAME = AppIcon;
				CODE_SIGN_STYLE = Automatic;
				INFOPLIST_FILE = CollectionViewDemo/Info.plist;
				LD_RUNPATH_SEARCH_PATHS = "$(inherited) @executable_path/Frameworks";
				PRODUCT_BUNDLE_IDENTIFIER = com.ep.CollectionViewDemo;
				PRODUCT_NAME = "$(TARGET_NAME)";
				SWIFT_VERSION = 4.0;
				TARGETED_DEVICE_FAMILY = "1,2";
			};
			name = Release;
		};
/* End XCBuildConfiguration section */

/* Begin XCConfigurationList section */
		BAD8EAF824309D5B00C853C4 /* Build configuration list for PBXProject "CollectionViewDemo" */ = {
			isa = XCConfigurationList;
			buildConfigurations = (
				BAD8EB0D24309D5D00C853C4 /* Debug */,
				BAD8EB0E24309D5D00C853C4 /* Release */,
			);
			defaultConfigurationIsVisible = 0;
			defaultConfigurationName = Release;
		};
		BAD8EB0F24309D5D00C853C4 /* Build configuration list for PBXNativeTarget "CollectionViewDemo" */ = {
			isa = XCConfigurationList;
			buildConfigurations = (
				BAD8EB1024309D5D00C853C4 /* Debug */,
				BAD8EB1124309D5D00C853C4 /* Release */,
			);
			defaultConfigurationIsVisible = 0;
			defaultConfigurationName = Release;
		};
/* End XCConfigurationList section */
	};
	rootObject = BAD8EAF524309D5B00C853C4 /* Project object */;
}
